
Microsoft Visual Studio Solution File, Format Version 12.00
# Visual Studio Version 17
VisualStudioVersion = 17.9.34701.34
MinimumVisualStudioVersion = 10.0.40219.1
Project("{FAE04EC0-301F-11D3-BF4B-00C04F79EFBC}") = "Insurance_сompany", "Insurance_сompany.csproj", "{BDAF412D-5E30-4609-A6C5-18A65659E234}"
EndProject
Global
	GlobalSection(SolutionConfigurationPlatforms) = preSolution
		Debug|Any CPU = Debug|Any CPU
		Release|Any CPU = Release|Any CPU
	EndGlobalSection
	GlobalSection(ProjectConfigurationPlatforms) = postSolution
		{BDAF412D-5E30-4609-A6C5-18A65659E234}.Debug|Any CPU.ActiveCfg = Debug|Any CPU
		{BDAF412D-5E30-4609-A6C5-18A65659E234}.Debug|Any CPU.Build.0 = Debug|Any CPU
		{BDAF412D-5E30-4609-A6C5-18A65659E234}.Release|Any CPU.ActiveCfg = Release|Any CPU
		{BDAF412D-5E30-4609-A6C5-18A65659E234}.Release|Any CPU.Build.0 = Release|Any CPU
	EndGlobalSection
	GlobalSection(SolutionProperties) = preSolution
		HideSolutionNode = FALSE
	EndGlobalSection
	GlobalSection(ExtensibilityGlobals) = postSolution
		SolutionGuid = {17298261-49E3-45E5-9127-5EA1C4E6B097}
	EndGlobalSection
EndGlobal
